{
  "name": "eia_endabgabe",
  "version": "1.0.0",
  "lockfileVersion": 1,
  "requires": true,
  "dependencies": {
    "@types/bson": {
      "version": "4.0.3",
      "resolved": "https://registry.npmjs.org/@types/bson/-/bson-4.0.3.tgz",
      "integrity": "sha512-mVRvYnTOZJz3ccpxhr3wgxVmSeiYinW+zlzQz3SXWaJmD1DuL05Jeq7nKw3SnbKmbleW5qrLG5vdyWe/A9sXhw==",
      "requires": {
        "@types/node": "*"
      }
    },
    "@types/mongodb": {
      "version": "3.6.7",
      "resolved": "https://registry.npmjs.org/@types/mongodb/-/mongodb-3.6.7.tgz",
      "integrity": "sha512-47P64kbkXarlleSMzSrRG04uzY+Dr3xAilOiqRIsqj/sZrmq6cUMx8njydY/iWMqi8IdE9ojFQl/X3ou9EsAlQ==",
      "requires": {
        "@types/bson": "*",
        "@types/node": "*"
      }
    },
    "@types/node": {
      "version": "14.14.27",
      "resolved": "https://registry.npmjs.org/@types/node/-/node-14.14.27.tgz",
      "integrity": "sha512-Ecfmo4YDQPwuqTCl1yBxLV5ihKfRlkBmzUEDcfIRvDxOTGQEeikr317Ln7Gcv0tjA8dVgKI3rniqW2G1OyKDng=="
    },
    "mongod": {
      "version": "2.0.0",
      "resolved": "https://registry.npmjs.org/mongod/-/mongod-2.0.0.tgz",
      "integrity": "sha1-zuxLcjBRkOhdb4+smS8VpH6xjHQ=",
      "requires": {
        "promise-queue": "^2.2.3"
      }
    },
    "node": {
      "version": "15.8.0",
      "resolved": "https://registry.npmjs.org/node/-/node-15.8.0.tgz",
      "integrity": "sha512-uuO9afbPl7CqTB9dqoYEW+co7r1/ott/kiG+btHx1ussJliolfELO6ryDp9JX0IIaRsyPgppP5FF4wkz5PP9Rw==",
      "requires": {
        "node-bin-setup": "^1.0.0"
      }
    },
    "node-bin-setup": {
      "version": "1.0.6",
      "resolved": "https://registry.npmjs.org/node-bin-setup/-/node-bin-setup-1.0.6.tgz",
      "integrity": "sha512-uPIxXNis1CRbv1DwqAxkgBk5NFV3s7cMN/Gf556jSw6jBvV7ca4F9lRL/8cALcZecRibeqU+5dFYqFFmzv5a0Q=="
    },
    "promise-queue": {
      "version": "2.2.5",
      "resolved": "https://registry.npmjs.org/promise-queue/-/promise-queue-2.2.5.tgz",
      "integrity": "sha1-L29ffA9tCBCelnZZx5uIqe1ek7Q="
    }
  }
}
